
Microsoft Visual Studio Solution File, Format Version 12.00
# Visual Studio 15
VisualStudioVersion = 15.0.28010.2046
MinimumVisualStudioVersion = 10.0.40219.1
Project("{FAE04EC0-301F-11D3-BF4B-00C04F79EFBC}") = "PaintApp", "PaintApp\PaintApp.csproj", "{6CC43094-307A-4991-8979-408AA352B3B6}"
EndProject
Global
	GlobalSection(SolutionConfigurationPlatforms) = preSolution
		Debug|Any CPU = Debug|Any CPU
		Release|Any CPU = Release|Any CPU
	EndGlobalSection
	GlobalSection(ProjectConfigurationPlatforms) = postSolution
		{6CC43094-307A-4991-8979-408AA352B3B6}.Debug|Any CPU.ActiveCfg = Debug|Any CPU
		{6CC43094-307A-4991-8979-408AA352B3B6}.Debug|Any CPU.Build.0 = Debug|Any CPU
		{6CC43094-307A-4991-8979-408AA352B3B6}.Release|Any CPU.ActiveCfg = Release|Any CPU
		{6CC43094-307A-4991-8979-408AA352B3B6}.Release|Any CPU.Build.0 = Release|Any CPU
	EndGlobalSection
	GlobalSection(SolutionProperties) = preSolution
		HideSolutionNode = FALSE
	EndGlobalSection
	GlobalSection(ExtensibilityGlobals) = postSolution
		SolutionGuid = {3FC03B9B-18E5-4007-8FD0-756FF1CF5113}
	EndGlobalSection
EndGlobal
